<?xml version="1.0" encoding="utf-8"?>
<Project ToolsVersion="4.0" xmlns="http://schemas.microsoft.com/developer/msbuild/2003">
  <ItemGroup>
    <ClCompile Include="LoopHero.cpp" />
    <ClCompile Include="TitleLevel.cpp">
      <Filter>Level</Filter>
    </ClCompile>
    <ClCompile Include="IntroLevel.cpp">
      <Filter>Level</Filter>
    </ClCompile>
    <ClCompile Include="Enum.cpp">
      <Filter>Config</Filter>
    </ClCompile>
    <ClCompile Include="MouseFunction.cpp">
      <Filter>Config</Filter>
    </ClCompile>
    <ClCompile Include="FightZone.cpp">
      <Filter>Actor</Filter>
    </ClCompile>
    <ClCompile Include="EQInventory.cpp">
      <Filter>Actor\UI</Filter>
    </ClCompile>
    <ClCompile Include="CardInventory.cpp">
      <Filter>Actor\UI</Filter>
    </ClCompile>
    <ClCompile Include="StageUI.cpp">
      <Filter>Actor\UI</Filter>
    </ClCompile>
    <ClCompile Include="TitleRender.cpp">
      <Filter>Actor\Render</Filter>
    </ClCompile>
    <ClCompile Include="IntroRender.cpp">
      <Filter>Actor\Render</Filter>
    </ClCompile>
    <ClCompile Include="StageMap.cpp">
      <Filter>Actor\Render</Filter>
    </ClCompile>
    <ClCompile Include="TestStageLevel.cpp">
      <Filter>Level\Stage</Filter>
    </ClCompile>
    <ClCompile Include="Monster.cpp">
      <Filter>Actor\Unit</Filter>
    </ClCompile>
    <ClCompile Include="Player.cpp">
      <Filter>Actor\Unit</Filter>
    </ClCompile>
    <ClCompile Include="UnitStatus.cpp">
      <Filter>Actor\Unit</Filter>
    </ClCompile>
    <ClCompile Include="UnitFight.cpp">
      <Filter>Actor\Unit</Filter>
    </ClCompile>
  </ItemGroup>
  <ItemGroup>
    <ClInclude Include="LoopHero.h" />
    <ClInclude Include="TitleLevel.h">
      <Filter>Level</Filter>
    </ClInclude>
    <ClInclude Include="IntroLevel.h">
      <Filter>Level</Filter>
    </ClInclude>
    <ClInclude Include="Enum.h">
      <Filter>Config</Filter>
    </ClInclude>
    <ClInclude Include="MouseFunction.h">
      <Filter>Config</Filter>
    </ClInclude>
    <ClInclude Include="FightZone.h">
      <Filter>Actor</Filter>
    </ClInclude>
    <ClInclude Include="EQInventory.h">
      <Filter>Actor\UI</Filter>
    </ClInclude>
    <ClInclude Include="CardInventory.h">
      <Filter>Actor\UI</Filter>
    </ClInclude>
    <ClInclude Include="StageUI.h">
      <Filter>Actor\UI</Filter>
    </ClInclude>
    <ClInclude Include="TitleRender.h">
      <Filter>Actor\Render</Filter>
    </ClInclude>
    <ClInclude Include="IntroRender.h">
      <Filter>Actor\Render</Filter>
    </ClInclude>
    <ClInclude Include="StageMap.h">
      <Filter>Actor\Render</Filter>
    </ClInclude>
    <ClInclude Include="Level.h">
      <Filter>Config</Filter>
    </ClInclude>
    <ClInclude Include="TestStageLevel.h">
      <Filter>Level\Stage</Filter>
    </ClInclude>
    <ClInclude Include="Monster.h">
      <Filter>Actor\Unit</Filter>
    </ClInclude>
    <ClInclude Include="Player.h">
      <Filter>Actor\Unit</Filter>
    </ClInclude>
    <ClInclude Include="UnitStatus.h">
      <Filter>Actor\Unit</Filter>
    </ClInclude>
    <ClInclude Include="UnitFight.h">
      <Filter>Actor\Unit</Filter>
    </ClInclude>
  </ItemGroup>
  <ItemGroup>
    <Filter Include="Level">
      <UniqueIdentifier>{b9d7f0c5-4b59-40c6-b03a-038a347bf671}</UniqueIdentifier>
    </Filter>
    <Filter Include="Actor">
      <UniqueIdentifier>{38343f33-a6d4-4969-9c89-0e385307e4e2}</UniqueIdentifier>
    </Filter>
    <Filter Include="Config">
      <UniqueIdentifier>{9301b16c-a379-4dd0-9fe3-f85c92580a8b}</UniqueIdentifier>
    </Filter>
    <Filter Include="Actor\UI">
      <UniqueIdentifier>{65902e74-17db-44f4-a482-1945c72890ca}</UniqueIdentifier>
    </Filter>
    <Filter Include="Actor\Render">
      <UniqueIdentifier>{91d992d9-1fbf-418e-8b19-c4d9169e9f2e}</UniqueIdentifier>
    </Filter>
    <Filter Include="Level\Stage">
      <UniqueIdentifier>{96f30666-5d3d-4860-bfc3-d6fd7a67c4dc}</UniqueIdentifier>
    </Filter>
    <Filter Include="Actor\Unit">
      <UniqueIdentifier>{ea501ff1-f777-4b35-8ab2-ebe8c1296302}</UniqueIdentifier>
    </Filter>
  </ItemGroup>
</Project>