<?xml version="1.0" encoding="utf-8"?>
<Project ToolsVersion="4.0" xmlns="http://schemas.microsoft.com/developer/msbuild/2003">
  <ItemGroup>
    <ClCompile Include="LoopHero.cpp" />
    <ClCompile Include="TitleLevel.cpp">
      <Filter>Level</Filter>
    </ClCompile>
    <ClCompile Include="Player.cpp">
      <Filter>Actor</Filter>
    </ClCompile>
    <ClCompile Include="TitleRender.cpp">
      <Filter>Actor</Filter>
    </ClCompile>
    <ClCompile Include="StageLevel.cpp">
      <Filter>Level</Filter>
    </ClCompile>
    <ClCompile Include="StageMap.cpp">
      <Filter>Actor</Filter>
    </ClCompile>
    <ClCompile Include="IntroLevel.cpp">
      <Filter>Level</Filter>
    </ClCompile>
    <ClCompile Include="IntroRender.cpp">
      <Filter>Actor</Filter>
    </ClCompile>
    <ClCompile Include="Enum.cpp">
      <Filter>Config</Filter>
    </ClCompile>
    <ClCompile Include="Monster.cpp">
      <Filter>Actor</Filter>
    </ClCompile>
    <ClCompile Include="EQInventory.cpp">
      <Filter>Actor</Filter>
    </ClCompile>
    <ClCompile Include="CardInventory.cpp">
      <Filter>Actor</Filter>
    </ClCompile>
    <ClCompile Include="StageUI.cpp">
      <Filter>Actor</Filter>
    </ClCompile>
    <ClCompile Include="MouseFunction.cpp">
      <Filter>Config</Filter>
    </ClCompile>
    <ClCompile Include="FightZone.cpp">
      <Filter>Actor</Filter>
    </ClCompile>
  </ItemGroup>
  <ItemGroup>
    <ClInclude Include="LoopHero.h" />
    <ClInclude Include="TitleLevel.h">
      <Filter>Level</Filter>
    </ClInclude>
    <ClInclude Include="Player.h">
      <Filter>Actor</Filter>
    </ClInclude>
    <ClInclude Include="TitleRender.h">
      <Filter>Actor</Filter>
    </ClInclude>
    <ClInclude Include="StageLevel.h">
      <Filter>Level</Filter>
    </ClInclude>
    <ClInclude Include="StageMap.h">
      <Filter>Actor</Filter>
    </ClInclude>
    <ClInclude Include="IntroLevel.h">
      <Filter>Level</Filter>
    </ClInclude>
    <ClInclude Include="IntroRender.h">
      <Filter>Actor</Filter>
    </ClInclude>
    <ClInclude Include="Enum.h">
      <Filter>Config</Filter>
    </ClInclude>
    <ClInclude Include="Monster.h">
      <Filter>Actor</Filter>
    </ClInclude>
    <ClInclude Include="EQInventory.h">
      <Filter>Actor</Filter>
    </ClInclude>
    <ClInclude Include="CardInventory.h">
      <Filter>Actor</Filter>
    </ClInclude>
    <ClInclude Include="StageUI.h">
      <Filter>Actor</Filter>
    </ClInclude>
    <ClInclude Include="MouseFunction.h">
      <Filter>Config</Filter>
    </ClInclude>
    <ClInclude Include="FightZone.h">
      <Filter>Actor</Filter>
    </ClInclude>
  </ItemGroup>
  <ItemGroup>
    <Filter Include="Level">
      <UniqueIdentifier>{b9d7f0c5-4b59-40c6-b03a-038a347bf671}</UniqueIdentifier>
    </Filter>
    <Filter Include="Actor">
      <UniqueIdentifier>{38343f33-a6d4-4969-9c89-0e385307e4e2}</UniqueIdentifier>
    </Filter>
    <Filter Include="Config">
      <UniqueIdentifier>{9301b16c-a379-4dd0-9fe3-f85c92580a8b}</UniqueIdentifier>
    </Filter>
  </ItemGroup>
</Project>