<?xml version="1.0" encoding="utf-8"?>
<Project ToolsVersion="4.0" xmlns="http://schemas.microsoft.com/developer/msbuild/2003">
  <ItemGroup>
    <Filter Include="Input">
      <UniqueIdentifier>{3051c7ac-e601-4dc9-8ed4-8b1f2926f115}</UniqueIdentifier>
    </Filter>
    <Filter Include="Window">
      <UniqueIdentifier>{d06c8706-ba7e-40ad-9f3b-2d76d182879b}</UniqueIdentifier>
    </Filter>
    <Filter Include="ThirdParty">
      <UniqueIdentifier>{a0e46a8d-73a8-4910-b500-4e6cdc3e899c}</UniqueIdentifier>
    </Filter>
    <Filter Include="ThirdParty\FMOD">
      <UniqueIdentifier>{3296025a-4a6f-4d82-9ef6-973fa304a2cc}</UniqueIdentifier>
    </Filter>
    <Filter Include="ThirdParty\FMOD\inc">
      <UniqueIdentifier>{4169ef9a-d853-43cd-b95c-9b2ea86f8ec5}</UniqueIdentifier>
    </Filter>
    <Filter Include="ThirdParty\FMOD\Debug">
      <UniqueIdentifier>{e8763c14-633e-487d-b7c1-3dd175faca0a}</UniqueIdentifier>
    </Filter>
    <Filter Include="ThirdParty\FMOD\Release">
      <UniqueIdentifier>{fac62a28-6ce2-4d7d-9fe0-88ea8c64f599}</UniqueIdentifier>
    </Filter>
    <Filter Include="Sound">
      <UniqueIdentifier>{88e2aa76-4f43-486f-b154-3e215ff691c2}</UniqueIdentifier>
    </Filter>
  </ItemGroup>
  <ItemGroup>
    <ClCompile Include="EngineWindow.cpp">
      <Filter>Window</Filter>
    </ClCompile>
    <ClCompile Include="EngineInput.cpp">
      <Filter>Input</Filter>
    </ClCompile>
    <ClCompile Include="WindowImage.cpp">
      <Filter>Window</Filter>
    </ClCompile>
    <ClCompile Include="EngineSound.cpp">
      <Filter>Sound</Filter>
    </ClCompile>
  </ItemGroup>
  <ItemGroup>
    <ClInclude Include="EngineWindow.h">
      <Filter>Window</Filter>
    </ClInclude>
    <ClInclude Include="EngineInput.h">
      <Filter>Input</Filter>
    </ClInclude>
    <ClInclude Include="WindowImage.h">
      <Filter>Window</Filter>
    </ClInclude>
    <ClInclude Include="ThirdParty\FMOD\inc\fmod.h">
      <Filter>ThirdParty\FMOD\inc</Filter>
    </ClInclude>
    <ClInclude Include="ThirdParty\FMOD\inc\fmod.hpp">
      <Filter>ThirdParty\FMOD\inc</Filter>
    </ClInclude>
    <ClInclude Include="ThirdParty\FMOD\inc\fmod_codec.h">
      <Filter>ThirdParty\FMOD\inc</Filter>
    </ClInclude>
    <ClInclude Include="ThirdParty\FMOD\inc\fmod_common.h">
      <Filter>ThirdParty\FMOD\inc</Filter>
    </ClInclude>
    <ClInclude Include="ThirdParty\FMOD\inc\fmod_dsp.h">
      <Filter>ThirdParty\FMOD\inc</Filter>
    </ClInclude>
    <ClInclude Include="ThirdParty\FMOD\inc\fmod_dsp_effects.h">
      <Filter>ThirdParty\FMOD\inc</Filter>
    </ClInclude>
    <ClInclude Include="ThirdParty\FMOD\inc\fmod_errors.h">
      <Filter>ThirdParty\FMOD\inc</Filter>
    </ClInclude>
    <ClInclude Include="ThirdParty\FMOD\inc\fmod_output.h">
      <Filter>ThirdParty\FMOD\inc</Filter>
    </ClInclude>
    <ClInclude Include="EngineSound.h">
      <Filter>Sound</Filter>
    </ClInclude>
  </ItemGroup>
  <ItemGroup>
    <CopyFileToFolders Include="ThirdParty\FMOD\Debug\fmodL.dll">
      <Filter>ThirdParty\FMOD\Debug</Filter>
    </CopyFileToFolders>
    <CopyFileToFolders Include="ThirdParty\FMOD\Debug\fmodL_vc.lib">
      <Filter>ThirdParty\FMOD\Debug</Filter>
    </CopyFileToFolders>
    <CopyFileToFolders Include="ThirdParty\FMOD\Release\fmod.dll">
      <Filter>ThirdParty\FMOD\Release</Filter>
    </CopyFileToFolders>
    <CopyFileToFolders Include="ThirdParty\FMOD\Release\fmod_vc.lib">
      <Filter>ThirdParty\FMOD\Release</Filter>
    </CopyFileToFolders>
  </ItemGroup>
</Project>